// !$*UTF8*$!
{
	archiveVersion = 1;
	classes = {
	};
	objectVersion = 46;
	objects = {

/* Begin PBXBuildFile section */
		1B67CB9211E8325100F6A7D1 /* Metatext.m in Sources */ = {isa = PBXBuildFile; fileRef = 1B67CB7C11E8313D00F6A7D1 /* Metatext.m */; };
		1B67CB9311E8325200F6A7D1 /* Metatext.h in Headers */ = {isa = PBXBuildFile; fileRef = 1B67CB7B11E8313D00F6A7D1 /* Metatext.h */; settings = {ATTRIBUTES = (Public, ); }; };
		1B67CBAC11E839D300F6A7D1 /* main.m in Sources */ = {isa = PBXBuildFile; fileRef = 1BD868A011E58240002C0BB0 /* main.m */; };
		1B67CBAD11E839DA00F6A7D1 /* libmetatext.a in Frameworks */ = {isa = PBXBuildFile; fileRef = 1B67CB8111E8322A00F6A7D1 /* libmetatext.a */; };
		1B67CBB511E83A1700F6A7D1 /* Calendar_.h in Headers */ = {isa = PBXBuildFile; fileRef = 1B67CB5F11E830D800F6A7D1 /* Calendar_.h */; settings = {ATTRIBUTES = (Public, ); }; };
		1B67CBB811E83A1800F6A7D1 /* Calendar_.m in Sources */ = {isa = PBXBuildFile; fileRef = 1B67CB6011E830D800F6A7D1 /* Calendar_.m */; };
		1B67CBB911E83A1900F6A7D1 /* Contact_.h in Headers */ = {isa = PBXBuildFile; fileRef = 1B67CB6111E830D800F6A7D1 /* Contact_.h */; settings = {ATTRIBUTES = (Public, ); }; };
		1B67CBBA11E83A1A00F6A7D1 /* Contact_.m in Sources */ = {isa = PBXBuildFile; fileRef = 1B67CB6211E830D800F6A7D1 /* Contact_.m */; };
		1B67CBBB11E83A1D00F6A7D1 /* Duration_.h in Headers */ = {isa = PBXBuildFile; fileRef = 1B67CB6311E830D800F6A7D1 /* Duration_.h */; settings = {ATTRIBUTES = (Public, ); }; };
		1B67CBBC11E83A1E00F6A7D1 /* Duration_.m in Sources */ = {isa = PBXBuildFile; fileRef = 1B67CB6411E830D800F6A7D1 /* Duration_.m */; };
		1B67CBBD11E83A1F00F6A7D1 /* Item_.h in Headers */ = {isa = PBXBuildFile; fileRef = 1B67CB6511E830D800F6A7D1 /* Item_.h */; settings = {ATTRIBUTES = (Public, ); }; };
		1B67CBBE11E83A2200F6A7D1 /* Item_.m in Sources */ = {isa = PBXBuildFile; fileRef = 1B67CB6611E830D800F6A7D1 /* Item_.m */; };
		1B67CBBF11E83A2300F6A7D1 /* ItemPriority_.h in Headers */ = {isa = PBXBuildFile; fileRef = 1B67CB6711E830D800F6A7D1 /* ItemPriority_.h */; settings = {ATTRIBUTES = (Public, ); }; };
		1B67CBC011E83A2400F6A7D1 /* ItemPriority_.m in Sources */ = {isa = PBXBuildFile; fileRef = 1B67CB6811E830D800F6A7D1 /* ItemPriority_.m */; };
		1B67CBC111E83A2500F6A7D1 /* ItemTag_.h in Headers */ = {isa = PBXBuildFile; fileRef = 1B67CB6911E830D800F6A7D1 /* ItemTag_.h */; settings = {ATTRIBUTES = (Public, ); }; };
		1B67CBC211E83A2600F6A7D1 /* ItemTag_.m in Sources */ = {isa = PBXBuildFile; fileRef = 1B67CB6A11E830D800F6A7D1 /* ItemTag_.m */; };
		1B67CBC311E83A2900F6A7D1 /* Link_.h in Headers */ = {isa = PBXBuildFile; fileRef = 1B67CB6B11E830D800F6A7D1 /* Link_.h */; settings = {ATTRIBUTES = (Public, ); }; };
		1B67CBC411E83A2A00F6A7D1 /* Link_.m in Sources */ = {isa = PBXBuildFile; fileRef = 1B67CB6C11E830D800F6A7D1 /* Link_.m */; };
		1B67CBC511E83A2B00F6A7D1 /* Location_.h in Headers */ = {isa = PBXBuildFile; fileRef = 1B67CB6D11E830D800F6A7D1 /* Location_.h */; settings = {ATTRIBUTES = (Public, ); }; };
		1B67CBC611E83A2C00F6A7D1 /* Location_.m in Sources */ = {isa = PBXBuildFile; fileRef = 1B67CB6E11E830D800F6A7D1 /* Location_.m */; };
		1B67CBC711E83A2D00F6A7D1 /* metatext.xcdatamodel in Sources */ = {isa = PBXBuildFile; fileRef = 1B67CB7011E830D800F6A7D1 /* metatext.xcdatamodel */; };
		1B67CBC811E83A2F00F6A7D1 /* MetaText_.h in Headers */ = {isa = PBXBuildFile; fileRef = 1B67CB7111E830D800F6A7D1 /* MetaText_.h */; settings = {ATTRIBUTES = (Public, ); }; };
		1B67CBC911E83A3000F6A7D1 /* MetaText_.m in Sources */ = {isa = PBXBuildFile; fileRef = 1B67CB7211E830D800F6A7D1 /* MetaText_.m */; };
		1B67CBCA11E83A3100F6A7D1 /* Priority_.h in Headers */ = {isa = PBXBuildFile; fileRef = 1B67CB7311E830D800F6A7D1 /* Priority_.h */; settings = {ATTRIBUTES = (Public, ); }; };
		1B67CBCB11E83A3200F6A7D1 /* Priority_.m in Sources */ = {isa = PBXBuildFile; fileRef = 1B67CB7411E830D800F6A7D1 /* Priority_.m */; };
		1B67CBCC11E83A3200F6A7D1 /* Repetition_.h in Headers */ = {isa = PBXBuildFile; fileRef = 1B67CB7511E830D800F6A7D1 /* Repetition_.h */; settings = {ATTRIBUTES = (Public, ); }; };
		1B67CBCD11E83A3300F6A7D1 /* Repetition_.m in Sources */ = {isa = PBXBuildFile; fileRef = 1B67CB7611E830D800F6A7D1 /* Repetition_.m */; };
		1B67CBCE11E83A3500F6A7D1 /* RepetitionField_.h in Headers */ = {isa = PBXBuildFile; fileRef = 1B67CB7711E830D800F6A7D1 /* RepetitionField_.h */; settings = {ATTRIBUTES = (Public, ); }; };
		1B67CBCF11E83A3500F6A7D1 /* RepetitionField_.m in Sources */ = {isa = PBXBuildFile; fileRef = 1B67CB7811E830D800F6A7D1 /* RepetitionField_.m */; };
		1B67CBD011E83A3600F6A7D1 /* Tag_.h in Headers */ = {isa = PBXBuildFile; fileRef = 1B67CB7911E830D800F6A7D1 /* Tag_.h */; settings = {ATTRIBUTES = (Public, ); }; };
		1B67CBD111E83A3700F6A7D1 /* Tag_.m in Sources */ = {isa = PBXBuildFile; fileRef = 1B67CB7A11E830D800F6A7D1 /* Tag_.m */; };
		1B67CBE711E83BBD00F6A7D1 /* CoreData.framework in Frameworks */ = {isa = PBXBuildFile; fileRef = 1B00ED9011DD912100CEAC86 /* CoreData.framework */; };
		1B67CBF211E83BD800F6A7D1 /* CoreData.framework in Frameworks */ = {isa = PBXBuildFile; fileRef = 1B00ED9011DD912100CEAC86 /* CoreData.framework */; };
		1B67CBF611E83C2800F6A7D1 /* Cocoa.framework in Frameworks */ = {isa = PBXBuildFile; fileRef = 1B67CBF511E83C2800F6A7D1 /* Cocoa.framework */; };
/* End PBXBuildFile section */

/* Begin PBXContainerItemProxy section */
		1B00ED4E11DCB35300CEAC86 /* PBXContainerItemProxy */ = {
			isa = PBXContainerItemProxy;
			containerPortal = 1B00ED4A11DCB35300CEAC86 /* t.xcodeproj */;
			proxyType = 2;
			remoteGlobalIDString = 8DD76FA10486AA7600D96B5E;
			remoteInfo = t;
		};
		1B67CBA911E8398D00F6A7D1 /* PBXContainerItemProxy */ = {
			isa = PBXContainerItemProxy;
			containerPortal = 29B97313FDCFA39411CA2CEA /* Project object */;
			proxyType = 1;
			remoteGlobalIDString = 1B67CB8011E8322A00F6A7D1 /* libmetatext */;
			remoteInfo = libmetatext;
		};
/* End PBXContainerItemProxy section */

/* Begin PBXFileReference section */
		1B00ED4A11DCB35300CEAC86 /* t.xcodeproj */ = {isa = PBXFileReference; lastKnownFileType = "wrapper.pb-project"; name = t.xcodeproj; path = t/t.xcodeproj; sourceTree = "<group>"; };
		1B00ED9011DD912100CEAC86 /* CoreData.framework */ = {isa = PBXFileReference; lastKnownFileType = wrapper.framework; name = CoreData.framework; path = System/Library/Frameworks/CoreData.framework; sourceTree = SDKROOT; };
		1B67CB5F11E830D800F6A7D1 /* Calendar_.h */ = {isa = PBXFileReference; fileEncoding = 4; lastKnownFileType = sourcecode.c.h; path = Calendar_.h; sourceTree = "<group>"; };
		1B67CB6011E830D800F6A7D1 /* Calendar_.m */ = {isa = PBXFileReference; fileEncoding = 4; lastKnownFileType = sourcecode.c.objc; path = Calendar_.m; sourceTree = "<group>"; };
		1B67CB6111E830D800F6A7D1 /* Contact_.h */ = {isa = PBXFileReference; fileEncoding = 4; lastKnownFileType = sourcecode.c.h; path = Contact_.h; sourceTree = "<group>"; };
		1B67CB6211E830D800F6A7D1 /* Contact_.m */ = {isa = PBXFileReference; fileEncoding = 4; lastKnownFileType = sourcecode.c.objc; path = Contact_.m; sourceTree = "<group>"; };
		1B67CB6311E830D800F6A7D1 /* Duration_.h */ = {isa = PBXFileReference; fileEncoding = 4; lastKnownFileType = sourcecode.c.h; path = Duration_.h; sourceTree = "<group>"; };
		1B67CB6411E830D800F6A7D1 /* Duration_.m */ = {isa = PBXFileReference; fileEncoding = 4; lastKnownFileType = sourcecode.c.objc; path = Duration_.m; sourceTree = "<group>"; };
		1B67CB6511E830D800F6A7D1 /* Item_.h */ = {isa = PBXFileReference; fileEncoding = 4; lastKnownFileType = sourcecode.c.h; path = Item_.h; sourceTree = "<group>"; };
		1B67CB6611E830D800F6A7D1 /* Item_.m */ = {isa = PBXFileReference; fileEncoding = 4; lastKnownFileType = sourcecode.c.objc; path = Item_.m; sourceTree = "<group>"; };
		1B67CB6711E830D800F6A7D1 /* ItemPriority_.h */ = {isa = PBXFileReference; fileEncoding = 4; lastKnownFileType = sourcecode.c.h; path = ItemPriority_.h; sourceTree = "<group>"; };
		1B67CB6811E830D800F6A7D1 /* ItemPriority_.m */ = {isa = PBXFileReference; fileEncoding = 4; lastKnownFileType = sourcecode.c.objc; path = ItemPriority_.m; sourceTree = "<group>"; };
		1B67CB6911E830D800F6A7D1 /* ItemTag_.h */ = {isa = PBXFileReference; fileEncoding = 4; lastKnownFileType = sourcecode.c.h; path = ItemTag_.h; sourceTree = "<group>"; };
		1B67CB6A11E830D800F6A7D1 /* ItemTag_.m */ = {isa = PBXFileReference; fileEncoding = 4; lastKnownFileType = sourcecode.c.objc; path = ItemTag_.m; sourceTree = "<group>"; };
		1B67CB6B11E830D800F6A7D1 /* Link_.h */ = {isa = PBXFileReference; fileEncoding = 4; lastKnownFileType = sourcecode.c.h; path = Link_.h; sourceTree = "<group>"; };
		1B67CB6C11E830D800F6A7D1 /* Link_.m */ = {isa = PBXFileReference; fileEncoding = 4; lastKnownFileType = sourcecode.c.objc; path = Link_.m; sourceTree = "<group>"; };
		1B67CB6D11E830D800F6A7D1 /* Location_.h */ = {isa = PBXFileReference; fileEncoding = 4; lastKnownFileType = sourcecode.c.h; path = Location_.h; sourceTree = "<group>"; };
		1B67CB6E11E830D800F6A7D1 /* Location_.m */ = {isa = PBXFileReference; fileEncoding = 4; lastKnownFileType = sourcecode.c.objc; path = Location_.m; sourceTree = "<group>"; };
		1B67CB7011E830D800F6A7D1 /* metatext.xcdatamodel */ = {isa = PBXFileReference; fileEncoding = 4; lastKnownFileType = wrapper.xcdatamodel; path = metatext.xcdatamodel; sourceTree = "<group>"; };
		1B67CB7111E830D800F6A7D1 /* MetaText_.h */ = {isa = PBXFileReference; fileEncoding = 4; lastKnownFileType = sourcecode.c.h; path = MetaText_.h; sourceTree = "<group>"; };
		1B67CB7211E830D800F6A7D1 /* MetaText_.m */ = {isa = PBXFileReference; fileEncoding = 4; lastKnownFileType = sourcecode.c.objc; path = MetaText_.m; sourceTree = "<group>"; };
		1B67CB7311E830D800F6A7D1 /* Priority_.h */ = {isa = PBXFileReference; fileEncoding = 4; lastKnownFileType = sourcecode.c.h; path = Priority_.h; sourceTree = "<group>"; };
		1B67CB7411E830D800F6A7D1 /* Priority_.m */ = {isa = PBXFileReference; fileEncoding = 4; lastKnownFileType = sourcecode.c.objc; path = Priority_.m; sourceTree = "<group>"; };
		1B67CB7511E830D800F6A7D1 /* Repetition_.h */ = {isa = PBXFileReference; fileEncoding = 4; lastKnownFileType = sourcecode.c.h; path = Repetition_.h; sourceTree = "<group>"; };
		1B67CB7611E830D800F6A7D1 /* Repetition_.m */ = {isa = PBXFileReference; fileEncoding = 4; lastKnownFileType = sourcecode.c.objc; path = Repetition_.m; sourceTree = "<group>"; };
		1B67CB7711E830D800F6A7D1 /* RepetitionField_.h */ = {isa = PBXFileReference; fileEncoding = 4; lastKnownFileType = sourcecode.c.h; path = RepetitionField_.h; sourceTree = "<group>"; };
		1B67CB7811E830D800F6A7D1 /* RepetitionField_.m */ = {isa = PBXFileReference; fileEncoding = 4; lastKnownFileType = sourcecode.c.objc; path = RepetitionField_.m; sourceTree = "<group>"; };
		1B67CB7911E830D800F6A7D1 /* Tag_.h */ = {isa = PBXFileReference; fileEncoding = 4; lastKnownFileType = sourcecode.c.h; path = Tag_.h; sourceTree = "<group>"; };
		1B67CB7A11E830D800F6A7D1 /* Tag_.m */ = {isa = PBXFileReference; fileEncoding = 4; lastKnownFileType = sourcecode.c.objc; path = Tag_.m; sourceTree = "<group>"; };
		1B67CB7B11E8313D00F6A7D1 /* Metatext.h */ = {isa = PBXFileReference; fileEncoding = 4; lastKnownFileType = sourcecode.c.h; path = Metatext.h; sourceTree = "<group>"; };
		1B67CB7C11E8313D00F6A7D1 /* Metatext.m */ = {isa = PBXFileReference; fileEncoding = 4; lastKnownFileType = sourcecode.c.objc; path = Metatext.m; sourceTree = "<group>"; };
		1B67CB8111E8322A00F6A7D1 /* libmetatext.a */ = {isa = PBXFileReference; explicitFileType = archive.ar; includeInIndex = 0; path = libmetatext.a; sourceTree = BUILT_PRODUCTS_DIR; };
		1B67CBB611E83A1700F6A7D1 /* metatext */ = {isa = PBXFileReference; explicitFileType = "compiled.mach-o.executable"; includeInIndex = 0; path = metatext; sourceTree = BUILT_PRODUCTS_DIR; };
		1B67CBF511E83C2800F6A7D1 /* Cocoa.framework */ = {isa = PBXFileReference; lastKnownFileType = wrapper.framework; name = Cocoa.framework; path = System/Library/Frameworks/Cocoa.framework; sourceTree = SDKROOT; };
		1BD868A011E58240002C0BB0 /* main.m */ = {isa = PBXFileReference; fileEncoding = 4; lastKnownFileType = sourcecode.c.objc; path = main.m; sourceTree = "<group>"; };
		77C82804067257F0000B614F /* CoreData.framework */ = {isa = PBXFileReference; lastKnownFileType = wrapper.framework; name = CoreData.framework; path = /System/Library/Frameworks/CoreData.framework; sourceTree = "<absolute>"; };
/* End PBXFileReference section */

/* Begin PBXFrameworksBuildPhase section */
		1B67CB7F11E8322A00F6A7D1 /* Frameworks */ = {
			isa = PBXFrameworksBuildPhase;
			buildActionMask = 2147483647;
			files = (
				1B67CBE711E83BBD00F6A7D1 /* CoreData.framework in Frameworks */,
				1B67CBF611E83C2800F6A7D1 /* Cocoa.framework in Frameworks */,
			);
			runOnlyForDeploymentPostprocessing = 0;
		};
		1B67CBA011E8396800F6A7D1 /* Frameworks */ = {
			isa = PBXFrameworksBuildPhase;
			buildActionMask = 2147483647;
			files = (
				1B67CBF211E83BD800F6A7D1 /* CoreData.framework in Frameworks */,
				1B67CBAD11E839DA00F6A7D1 /* libmetatext.a in Frameworks */,
			);
			runOnlyForDeploymentPostprocessing = 0;
		};
/* End PBXFrameworksBuildPhase section */

/* Begin PBXGroup section */
		1058C7A0FEA54F0111CA2CBB /* Linked Frameworks */ = {
			isa = PBXGroup;
			children = (
			);
			name = "Linked Frameworks";
			sourceTree = "<group>";
		};
		1058C7A2FEA54F0111CA2CBB /* Other Frameworks */ = {
			isa = PBXGroup;
			children = (
				77C82804067257F0000B614F /* CoreData.framework */,
			);
			name = "Other Frameworks";
			sourceTree = "<group>";
		};
		19C28FACFE9D520D11CA2CBB /* Products */ = {
			isa = PBXGroup;
			children = (
				1B67CB8111E8322A00F6A7D1 /* libmetatext.a */,
				1B67CBB611E83A1700F6A7D1 /* metatext */,
			);
			name = Products;
			sourceTree = "<group>";
		};
		1B00ED4B11DCB35300CEAC86 /* Products */ = {
			isa = PBXGroup;
			children = (
				1B00ED4F11DCB35300CEAC86 /* t */,
			);
			name = Products;
			sourceTree = "<group>";
		};
		1B67CB5A11E830C100F6A7D1 /* Source */ = {
			isa = PBXGroup;
			children = (
				1B67CB7B11E8313D00F6A7D1 /* Metatext.h */,
				1B67CB7C11E8313D00F6A7D1 /* Metatext.m */,
				1BD868A011E58240002C0BB0 /* main.m */,
			);
			name = Source;
			sourceTree = "<group>";
		};
		1B67CB5E11E830D800F6A7D1 /* Model */ = {
			isa = PBXGroup;
			children = (
				1B67CB5F11E830D800F6A7D1 /* Calendar_.h */,
				1B67CB6011E830D800F6A7D1 /* Calendar_.m */,
				1B67CB6111E830D800F6A7D1 /* Contact_.h */,
				1B67CB6211E830D800F6A7D1 /* Contact_.m */,
				1B67CB6311E830D800F6A7D1 /* Duration_.h */,
				1B67CB6411E830D800F6A7D1 /* Duration_.m */,
				1B67CB6511E830D800F6A7D1 /* Item_.h */,
				1B67CB6611E830D800F6A7D1 /* Item_.m */,
				1B67CB6711E830D800F6A7D1 /* ItemPriority_.h */,
				1B67CB6811E830D800F6A7D1 /* ItemPriority_.m */,
				1B67CB6911E830D800F6A7D1 /* ItemTag_.h */,
				1B67CB6A11E830D800F6A7D1 /* ItemTag_.m */,
				1B67CB6B11E830D800F6A7D1 /* Link_.h */,
				1B67CB6C11E830D800F6A7D1 /* Link_.m */,
				1B67CB6D11E830D800F6A7D1 /* Location_.h */,
				1B67CB6E11E830D800F6A7D1 /* Location_.m */,
				1B67CB6F11E830D800F6A7D1 /* metatext.xcdatamodeld */,
				1B67CB7111E830D800F6A7D1 /* MetaText_.h */,
				1B67CB7211E830D800F6A7D1 /* MetaText_.m */,
				1B67CB7311E830D800F6A7D1 /* Priority_.h */,
				1B67CB7411E830D800F6A7D1 /* Priority_.m */,
				1B67CB7511E830D800F6A7D1 /* Repetition_.h */,
				1B67CB7611E830D800F6A7D1 /* Repetition_.m */,
				1B67CB7711E830D800F6A7D1 /* RepetitionField_.h */,
				1B67CB7811E830D800F6A7D1 /* RepetitionField_.m */,
				1B67CB7911E830D800F6A7D1 /* Tag_.h */,
				1B67CB7A11E830D800F6A7D1 /* Tag_.m */,
			);
			path = Model;
			sourceTree = "<group>";
		};
		29B97314FDCFA39411CA2CEA /* metatext */ = {
			isa = PBXGroup;
			children = (
				1B67CB5E11E830D800F6A7D1 /* Model */,
				1B67CB5A11E830C100F6A7D1 /* Source */,
				1B00ED4A11DCB35300CEAC86 /* t.xcodeproj */,
				29B97323FDCFA39411CA2CEA /* Frameworks */,
				19C28FACFE9D520D11CA2CBB /* Products */,
				1B00ED9011DD912100CEAC86 /* CoreData.framework */,
				1B67CBF511E83C2800F6A7D1 /* Cocoa.framework */,
			);
			name = metatext;
			sourceTree = "<group>";
		};
		29B97323FDCFA39411CA2CEA /* Frameworks */ = {
			isa = PBXGroup;
			children = (
				1058C7A0FEA54F0111CA2CBB /* Linked Frameworks */,
				1058C7A2FEA54F0111CA2CBB /* Other Frameworks */,
			);
			name = Frameworks;
			sourceTree = "<group>";
		};
/* End PBXGroup section */

/* Begin PBXHeadersBuildPhase section */
		1B67CB7D11E8322A00F6A7D1 /* Headers */ = {
			isa = PBXHeadersBuildPhase;
			buildActionMask = 2147483647;
			files = (
				1B67CB9311E8325200F6A7D1 /* Metatext.h in Headers */,
				1B67CBB511E83A1700F6A7D1 /* Calendar_.h in Headers */,
				1B67CBB911E83A1900F6A7D1 /* Contact_.h in Headers */,
				1B67CBBB11E83A1D00F6A7D1 /* Duration_.h in Headers */,
				1B67CBBD11E83A1F00F6A7D1 /* Item_.h in Headers */,
				1B67CBBF11E83A2300F6A7D1 /* ItemPriority_.h in Headers */,
				1B67CBC111E83A2500F6A7D1 /* ItemTag_.h in Headers */,
				1B67CBC311E83A2900F6A7D1 /* Link_.h in Headers */,
				1B67CBC511E83A2B00F6A7D1 /* Location_.h in Headers */,
				1B67CBC811E83A2F00F6A7D1 /* MetaText_.h in Headers */,
				1B67CBCA11E83A3100F6A7D1 /* Priority_.h in Headers */,
				1B67CBCC11E83A3200F6A7D1 /* Repetition_.h in Headers */,
				1B67CBCE11E83A3500F6A7D1 /* RepetitionField_.h in Headers */,
				1B67CBD011E83A3600F6A7D1 /* Tag_.h in Headers */,
			);
			runOnlyForDeploymentPostprocessing = 0;
		};
/* End PBXHeadersBuildPhase section */

/* Begin PBXNativeTarget section */
		1B67CB8011E8322A00F6A7D1 /* libmetatext */ = {
			isa = PBXNativeTarget;
			buildConfigurationList = 1B67CB8E11E8323900F6A7D1 /* Build configuration list for PBXNativeTarget "libmetatext" */;
			buildPhases = (
				1B67CB7D11E8322A00F6A7D1 /* Headers */,
				1B67CB7E11E8322A00F6A7D1 /* Sources */,
				1B67CB7F11E8322A00F6A7D1 /* Frameworks */,
			);
			buildRules = (
			);
			dependencies = (
			);
			name = libmetatext;
			productName = metatext;
			productReference = 1B67CB8111E8322A00F6A7D1 /* libmetatext.a */;
			productType = "com.apple.product-type.library.static";
		};
		1B67CBA111E8396800F6A7D1 /* metatext */ = {
			isa = PBXNativeTarget;
			buildConfigurationList = 1B67CBAB11E839C300F6A7D1 /* Build configuration list for PBXNativeTarget "metatext" */;
			buildPhases = (
				1B67CB9F11E8396800F6A7D1 /* Sources */,
				1B67CBA011E8396800F6A7D1 /* Frameworks */,
			);
			buildRules = (
			);
			dependencies = (
				1B67CBAA11E8398D00F6A7D1 /* PBXTargetDependency */,
			);
			name = metatext;
			productName = metatext_shell;
			productReference = 1B67CBB611E83A1700F6A7D1 /* metatext */;
			productType = "com.apple.product-type.tool";
		};
/* End PBXNativeTarget section */

/* Begin PBXProject section */
		29B97313FDCFA39411CA2CEA /* Project object */ = {
			isa = PBXProject;
			attributes = {
				BuildIndependentTargetsInParallel = YES;
			};
			buildConfigurationList = 26FC0A880875C7B200E6366F /* Build configuration list for PBXProject "metatext" */;
			compatibilityVersion = "Xcode 3.2";
			hasScannedForEncodings = 1;
			mainGroup = 29B97314FDCFA39411CA2CEA /* metatext */;
			projectDirPath = "";
			projectReferences = (
				{
					ProductGroup = 1B00ED4B11DCB35300CEAC86 /* Products */;
					ProjectRef = 1B00ED4A11DCB35300CEAC86 /* t.xcodeproj */;
				},
			);
			projectRoot = "";
			targets = (
				1B67CB8011E8322A00F6A7D1 /* libmetatext */,
				1B67CBA111E8396800F6A7D1 /* metatext */,
			);
		};
/* End PBXProject section */

/* Begin PBXReferenceProxy section */
		1B00ED4F11DCB35300CEAC86 /* t */ = {
			isa = PBXReferenceProxy;
			fileType = "compiled.mach-o.executable";
			path = t;
			remoteRef = 1B00ED4E11DCB35300CEAC86 /* PBXContainerItemProxy */;
			sourceTree = BUILT_PRODUCTS_DIR;
		};
/* End PBXReferenceProxy section */

/* Begin PBXSourcesBuildPhase section */
		1B67CB7E11E8322A00F6A7D1 /* Sources */ = {
			isa = PBXSourcesBuildPhase;
			buildActionMask = 2147483647;
			files = (
				1B67CB9211E8325100F6A7D1 /* Metatext.m in Sources */,
				1B67CBB811E83A1800F6A7D1 /* Calendar_.m in Sources */,
				1B67CBBA11E83A1A00F6A7D1 /* Contact_.m in Sources */,
				1B67CBBC11E83A1E00F6A7D1 /* Duration_.m in Sources */,
				1B67CBBE11E83A2200F6A7D1 /* Item_.m in Sources */,
				1B67CBC011E83A2400F6A7D1 /* ItemPriority_.m in Sources */,
				1B67CBC211E83A2600F6A7D1 /* ItemTag_.m in Sources */,
				1B67CBC411E83A2A00F6A7D1 /* Link_.m in Sources */,
				1B67CBC611E83A2C00F6A7D1 /* Location_.m in Sources */,
				1B67CBC711E83A2D00F6A7D1 /* metatext.xcdatamodel in Sources */,
				1B67CBC911E83A3000F6A7D1 /* MetaText_.m in Sources */,
				1B67CBCB11E83A3200F6A7D1 /* Priority_.m in Sources */,
				1B67CBCD11E83A3300F6A7D1 /* Repetition_.m in Sources */,
				1B67CBCF11E83A3500F6A7D1 /* RepetitionField_.m in Sources */,
				1B67CBD111E83A3700F6A7D1 /* Tag_.m in Sources */,
			);
			runOnlyForDeploymentPostprocessing = 0;
		};
		1B67CB9F11E8396800F6A7D1 /* Sources */ = {
			isa = PBXSourcesBuildPhase;
			buildActionMask = 2147483647;
			files = (
				1B67CBAC11E839D300F6A7D1 /* main.m in Sources */,
			);
			runOnlyForDeploymentPostprocessing = 0;
		};
/* End PBXSourcesBuildPhase section */

/* Begin PBXTargetDependency section */
		1B67CBAA11E8398D00F6A7D1 /* PBXTargetDependency */ = {
			isa = PBXTargetDependency;
			target = 1B67CB8011E8322A00F6A7D1 /* libmetatext */;
			targetProxy = 1B67CBA911E8398D00F6A7D1 /* PBXContainerItemProxy */;
		};
/* End PBXTargetDependency section */

/* Begin XCBuildConfiguration section */
		1B67CB8211E8322B00F6A7D1 /* Debug */ = {
			isa = XCBuildConfiguration;
			buildSettings = {
				ALWAYS_SEARCH_USER_PATHS = NO;
				COPY_PHASE_STRIP = NO;
				GCC_DYNAMIC_NO_PIC = NO;
				GCC_ENABLE_FIX_AND_CONTINUE = YES;
				GCC_MODEL_TUNING = G5;
				GCC_OPTIMIZATION_LEVEL = 0;
				GCC_PRECOMPILE_PREFIX_HEADER = YES;
				GCC_PREFIX_HEADER = "$(SYSTEM_LIBRARY_DIR)/Frameworks/AppKit.framework/Headers/AppKit.h";
				INSTALL_PATH = /usr/local/lib;
				OTHER_LDFLAGS = (
					"-framework",
					Foundation,
					"-framework",
					AppKit,
				);
				PREBINDING = NO;
				PRODUCT_NAME = metatext;
			};
			name = Debug;
		};
		1B67CB8311E8322B00F6A7D1 /* Release */ = {
			isa = XCBuildConfiguration;
			buildSettings = {
				ALWAYS_SEARCH_USER_PATHS = NO;
				COPY_PHASE_STRIP = YES;
				DEBUG_INFORMATION_FORMAT = "dwarf-with-dsym";
				GCC_ENABLE_FIX_AND_CONTINUE = NO;
				GCC_MODEL_TUNING = G5;
				GCC_PRECOMPILE_PREFIX_HEADER = YES;
				GCC_PREFIX_HEADER = "$(SYSTEM_LIBRARY_DIR)/Frameworks/AppKit.framework/Headers/AppKit.h";
				INSTALL_PATH = /usr/local/lib;
				OTHER_LDFLAGS = (
					"-framework",
					Foundation,
					"-framework",
					AppKit,
				);
				PREBINDING = NO;
				PRODUCT_NAME = metatext;
				ZERO_LINK = NO;
			};
			name = Release;
		};
		1B67CBA411E8396800F6A7D1 /* Debug */ = {
			isa = XCBuildConfiguration;
			buildSettings = {
				ALWAYS_SEARCH_USER_PATHS = NO;
				COPY_PHASE_STRIP = NO;
				GCC_DYNAMIC_NO_PIC = NO;
				GCC_ENABLE_FIX_AND_CONTINUE = YES;
				GCC_MODEL_TUNING = G5;
				GCC_OPTIMIZATION_LEVEL = 0;
				GCC_PRECOMPILE_PREFIX_HEADER = YES;
				GCC_PREFIX_HEADER = "$(SYSTEM_LIBRARY_DIR)/Frameworks/AppKit.framework/Headers/AppKit.h";
				INSTALL_PATH = /usr/local/bin;
				OTHER_LDFLAGS = (
					"-framework",
					Foundation,
					"-framework",
					AppKit,
				);
				PREBINDING = NO;
				PRODUCT_NAME = metatext;
			};
			name = Debug;
		};
		1B67CBA511E8396800F6A7D1 /* Release */ = {
			isa = XCBuildConfiguration;
			buildSettings = {
				ALWAYS_SEARCH_USER_PATHS = NO;
				COPY_PHASE_STRIP = YES;
				DEBUG_INFORMATION_FORMAT = "dwarf-with-dsym";
				GCC_ENABLE_FIX_AND_CONTINUE = NO;
				GCC_MODEL_TUNING = G5;
				GCC_PRECOMPILE_PREFIX_HEADER = YES;
				GCC_PREFIX_HEADER = "$(SYSTEM_LIBRARY_DIR)/Frameworks/AppKit.framework/Headers/AppKit.h";
				INSTALL_PATH = /usr/local/bin;
				OTHER_LDFLAGS = (
					"-framework",
					Foundation,
					"-framework",
					AppKit,
				);
				PREBINDING = NO;
				PRODUCT_NAME = metatext;
				ZERO_LINK = NO;
			};
			name = Release;
		};
		26FC0A890875C7B200E6366F /* Debug */ = {
			isa = XCBuildConfiguration;
			buildSettings = {
				ARCHS = "$(ARCHS_STANDARD_32_64_BIT)";
				GCC_C_LANGUAGE_STANDARD = gnu99;
				GCC_WARN_ABOUT_RETURN_TYPE = YES;
				GCC_WARN_UNUSED_VARIABLE = YES;
				LIBRARY_SEARCH_PATHS = /tmp/build/Debug;
				ONLY_ACTIVE_ARCH = YES;
				PREBINDING = NO;
				SDKROOT = macosx10.6;
				SYMROOT = /tmp/build;
			};
			name = Debug;
		};
		26FC0A8A0875C7B200E6366F /* Release */ = {
			isa = XCBuildConfiguration;
			buildSettings = {
				ARCHS = "$(ARCHS_STANDARD_32_64_BIT)";
				GCC_C_LANGUAGE_STANDARD = gnu99;
				GCC_WARN_ABOUT_RETURN_TYPE = YES;
				GCC_WARN_UNUSED_VARIABLE = YES;
				LIBRARY_SEARCH_PATHS = /tmp/build/Release;
				PREBINDING = NO;
				SDKROOT = macosx10.6;
				SYMROOT = /tmp/build;
			};
			name = Release;
		};
/* End XCBuildConfiguration section */

/* Begin XCConfigurationList section */
		1B67CB8E11E8323900F6A7D1 /* Build configuration list for PBXNativeTarget "libmetatext" */ = {
			isa = XCConfigurationList;
			buildConfigurations = (
				1B67CB8211E8322B00F6A7D1 /* Debug */,
				1B67CB8311E8322B00F6A7D1 /* Release */,
			);
			defaultConfigurationIsVisible = 0;
			defaultConfigurationName = Release;
		};
		1B67CBAB11E839C300F6A7D1 /* Build configuration list for PBXNativeTarget "metatext" */ = {
			isa = XCConfigurationList;
			buildConfigurations = (
				1B67CBA411E8396800F6A7D1 /* Debug */,
				1B67CBA511E8396800F6A7D1 /* Release */,
			);
			defaultConfigurationIsVisible = 0;
			defaultConfigurationName = Release;
		};
		26FC0A880875C7B200E6366F /* Build configuration list for PBXProject "metatext" */ = {
			isa = XCConfigurationList;
			buildConfigurations = (
				26FC0A890875C7B200E6366F /* Debug */,
				26FC0A8A0875C7B200E6366F /* Release */,
			);
			defaultConfigurationIsVisible = 0;
			defaultConfigurationName = Release;
		};
/* End XCConfigurationList section */

/* Begin XCVersionGroup section */
		1B67CB6F11E830D800F6A7D1 /* metatext.xcdatamodeld */ = {
			isa = XCVersionGroup;
			children = (
				1B67CB7011E830D800F6A7D1 /* metatext.xcdatamodel */,
			);
			currentVersion = 1B67CB7011E830D800F6A7D1 /* metatext.xcdatamodel */;
			path = metatext.xcdatamodeld;
			sourceTree = "<group>";
			versionGroupType = wrapper.xcdatamodel;
		};
/* End XCVersionGroup section */
	};
	rootObject = 29B97313FDCFA39411CA2CEA /* Project object */;
}
